// !$*UTF8*$!
{
	archiveVersion = 1;
	classes = {
	};
	objectVersion = 77;
	objects = {

/* Begin PBXContainerItemProxy section */
		B68D2D2B2E4E289E0069357B /* PBXContainerItemProxy */ = {
			isa = PBXContainerItemProxy;
			containerPortal = B68D2D0C2E4E289B0069357B /* Project object */;
			proxyType = 1;
			remoteGlobalIDString = B68D2D132E4E289B0069357B;
			remoteInfo = SlowMo;
		};
		B68D2D352E4E289E0069357B /* PBXContainerItemProxy */ = {
			isa = PBXContainerItemProxy;
			containerPortal = B68D2D0C2E4E289B0069357B /* Project object */;
			proxyType = 1;
			remoteGlobalIDString = B68D2D132E4E289B0069357B;
			remoteInfo = SlowMo;
		};
/* End PBXContainerItemProxy section */

/* Begin PBXFileReference section */
		B68D2D142E4E289B0069357B /* SlowMo.app */ = {isa = PBXFileReference; explicitFileType = wrapper.application; includeInIndex = 0; path = SlowMo.app; sourceTree = BUILT_PRODUCTS_DIR; };
		B68D2D2A2E4E289E0069357B /* SlowMoTests.xctest */ = {isa = PBXFileReference; explicitFileType = wrapper.cfbundle; includeInIndex = 0; path = SlowMoTests.xctest; sourceTree = BUILT_PRODUCTS_DIR; };
		B68D2D342E4E289E0069357B /* SlowMoUITests.xctest */ = {isa = PBXFileReference; explicitFileType = wrapper.cfbundle; includeInIndex = 0; path = SlowMoUITests.xctest; sourceTree = BUILT_PRODUCTS_DIR; };
/* End PBXFileReference section */

/* Begin PBXFileSystemSynchronizedBuildFileExceptionSet section */
		B68D2D3C2E4E289E0069357B /* Exceptions for "SlowMo" folder in "SlowMo" target */ = {
			isa = PBXFileSystemSynchronizedBuildFileExceptionSet;
			membershipExceptions = (
				Info.plist,
			);
			target = B68D2D132E4E289B0069357B /* SlowMo */;
		};
/* End PBXFileSystemSynchronizedBuildFileExceptionSet section */

/* Begin PBXFileSystemSynchronizedRootGroup section */
		B68D2D162E4E289B0069357B /* SlowMo */ = {
			isa = PBXFileSystemSynchronizedRootGroup;
			exceptions = (
				B68D2D3C2E4E289E0069357B /* Exceptions for "SlowMo" folder in "SlowMo" target */,
			);
			path = SlowMo;
			sourceTree = "<group>";
		};
		B68D2D2D2E4E289E0069357B /* SlowMoTests */ = {
			isa = PBXFileSystemSynchronizedRootGroup;
			path = SlowMoTests;
			sourceTree = "<group>";
		};
		B68D2D372E4E289E0069357B /* SlowMoUITests */ = {
			isa = PBXFileSystemSynchronizedRootGroup;
			path = SlowMoUITests;
			sourceTree = "<group>";
		};
/* End PBXFileSystemSynchronizedRootGroup section */

/* Begin PBXFrameworksBuildPhase section */
		B68D2D112E4E289B0069357B /* Frameworks */ = {
			isa = PBXFrameworksBuildPhase;
			buildActionMask = 2147483647;
			files = (
			);
			runOnlyForDeploymentPostprocessing = 0;
		};
		B68D2D272E4E289E0069357B /* Frameworks */ = {
			isa = PBXFrameworksBuildPhase;
			buildActionMask = 2147483647;
			files = (
			);
			runOnlyForDeploymentPostprocessing = 0;
		};
		B68D2D312E4E289E0069357B /* Frameworks */ = {
			isa = PBXFrameworksBuildPhase;
			buildActionMask = 2147483647;
			files = (
			);
			runOnlyForDeploymentPostprocessing = 0;
		};
/* End PBXFrameworksBuildPhase section */

/* Begin PBXGroup section */
		B68D2D0B2E4E289B0069357B = {
			isa = PBXGroup;
			children = (
				B68D2D162E4E289B0069357B /* SlowMo */,
				B68D2D2D2E4E289E0069357B /* SlowMoTests */,
				B68D2D372E4E289E0069357B /* SlowMoUITests */,
				B68D2D152E4E289B0069357B /* Products */,
			);
			sourceTree = "<group>";
		};
		B68D2D152E4E289B0069357B /* Products */ = {
			isa = PBXGroup;
			children = (
				B68D2D142E4E289B0069357B /* SlowMo.app */,
				B68D2D2A2E4E289E0069357B /* SlowMoTests.xctest */,
				B68D2D342E4E289E0069357B /* SlowMoUITests.xctest */,
			);
			name = Products;
			sourceTree = "<group>";
		};
/* End PBXGroup section */

/* Begin PBXNativeTarget section */
		B68D2D132E4E289B0069357B /* SlowMo */ = {
			isa = PBXNativeTarget;
			buildConfigurationList = B68D2D3D2E4E289E0069357B /* Build configuration list for PBXNativeTarget "SlowMo" */;
			buildPhases = (
				B68D2D102E4E289B0069357B /* Sources */,
				B68D2D112E4E289B0069357B /* Frameworks */,
				B68D2D122E4E289B0069357B /* Resources */,
			);
			buildRules = (
			);
			dependencies = (
			);
			fileSystemSynchronizedGroups = (
				B68D2D162E4E289B0069357B /* SlowMo */,
			);
			name = SlowMo;
			packageProductDependencies = (
			);
			productName = SlowMo;
			productReference = B68D2D142E4E289B0069357B /* SlowMo.app */;
			productType = "com.apple.product-type.application";
		};
		B68D2D292E4E289E0069357B /* SlowMoTests */ = {
			isa = PBXNativeTarget;
			buildConfigurationList = B68D2D422E4E289E0069357B /* Build configuration list for PBXNativeTarget "SlowMoTests" */;
			buildPhases = (
				B68D2D262E4E289E0069357B /* Sources */,
				B68D2D272E4E289E0069357B /* Frameworks */,
				B68D2D282E4E289E0069357B /* Resources */,
			);
			buildRules = (
			);
			dependencies = (
				B68D2D2C2E4E289E0069357B /* PBXTargetDependency */,
			);
			fileSystemSynchronizedGroups = (
				B68D2D2D2E4E289E0069357B /* SlowMoTests */,
			);
			name = SlowMoTests;
			packageProductDependencies = (
			);
			productName = SlowMoTests;
			productReference = B68D2D2A2E4E289E0069357B /* SlowMoTests.xctest */;
			productType = "com.apple.product-type.bundle.unit-test";
		};
		B68D2D332E4E289E0069357B /* SlowMoUITests */ = {
			isa = PBXNativeTarget;
			buildConfigurationList = B68D2D452E4E289E0069357B /* Build configuration list for PBXNativeTarget "SlowMoUITests" */;
			buildPhases = (
				B68D2D302E4E289E0069357B /* Sources */,
				B68D2D312E4E289E0069357B /* Frameworks */,
				B68D2D322E4E289E0069357B /* Resources */,
			);
			buildRules = (
			);
			dependencies = (
				B68D2D362E4E289E0069357B /* PBXTargetDependency */,
			);
			fileSystemSynchronizedGroups = (
				B68D2D372E4E289E0069357B /* SlowMoUITests */,
			);
			name = SlowMoUITests;
			packageProductDependencies = (
			);
			productName = SlowMoUITests;
			productReference = B68D2D342E4E289E0069357B /* SlowMoUITests.xctest */;
			productType = "com.apple.product-type.bundle.ui-testing";
		};
/* End PBXNativeTarget section */

/* Begin PBXProject section */
		B68D2D0C2E4E289B0069357B /* Project object */ = {
			isa = PBXProject;
			attributes = {
				BuildIndependentTargetsInParallel = 1;
				LastSwiftUpdateCheck = 1640;
				LastUpgradeCheck = 1640;
				TargetAttributes = {
					B68D2D132E4E289B0069357B = {
						CreatedOnToolsVersion = 16.4;
					};
					B68D2D292E4E289E0069357B = {
						CreatedOnToolsVersion = 16.4;
						TestTargetID = B68D2D132E4E289B0069357B;
					};
					B68D2D332E4E289E0069357B = {
						CreatedOnToolsVersion = 16.4;
						TestTargetID = B68D2D132E4E289B0069357B;
					};
				};
			};
			buildConfigurationList = B68D2D0F2E4E289B0069357B /* Build configuration list for PBXProject "SlowMo" */;
			developmentRegion = en;
			hasScannedForEncodings = 0;
			knownRegions = (
				en,
				Base,
			);
			mainGroup = B68D2D0B2E4E289B0069357B;
			minimizedProjectReferenceProxies = 1;
			preferredProjectObjectVersion = 77;
			productRefGroup = B68D2D152E4E289B0069357B /* Products */;
			projectDirPath = "";
			projectRoot = "";
			targets = (
				B68D2D132E4E289B0069357B /* SlowMo */,
				B68D2D292E4E289E0069357B /* SlowMoTests */,
				B68D2D332E4E289E0069357B /* SlowMoUITests */,
			);
		};
/* End PBXProject section */

/* Begin PBXResourcesBuildPhase section */
		B68D2D122E4E289B0069357B /* Resources */ = {
			isa = PBXResourcesBuildPhase;
			buildActionMask = 2147483647;
			files = (
			);
			runOnlyForDeploymentPostprocessing = 0;
		};
		B68D2D282E4E289E0069357B /* Resources */ = {
			isa = PBXResourcesBuildPhase;
			buildActionMask = 2147483647;
			files = (
			);
			runOnlyForDeploymentPostprocessing = 0;
		};
		B68D2D322E4E289E0069357B /* Resources */ = {
			isa = PBXResourcesBuildPhase;
			buildActionMask = 2147483647;
			files = (
			);
			runOnlyForDeploymentPostprocessing = 0;
		};
/* End PBXResourcesBuildPhase section */

/* Begin PBXSourcesBuildPhase section */
		B68D2D102E4E289B0069357B /* Sources */ = {
			isa = PBXSourcesBuildPhase;
			buildActionMask = 2147483647;
			files = (
			);
			runOnlyForDeploymentPostprocessing = 0;
		};
		B68D2D262E4E289E0069357B /* Sources */ = {
			isa = PBXSourcesBuildPhase;
			buildActionMask = 2147483647;
			files = (
			);
			runOnlyForDeploymentPostprocessing = 0;
		};
		B68D2D302E4E289E0069357B /* Sources */ = {
			isa = PBXSourcesBuildPhase;
			buildActionMask = 2147483647;
			files = (
			);
			runOnlyForDeploymentPostprocessing = 0;
		};
/* End PBXSourcesBuildPhase section */

/* Begin PBXTargetDependency section */
		B68D2D2C2E4E289E0069357B /* PBXTargetDependency */ = {
			isa = PBXTargetDependency;
			target = B68D2D132E4E289B0069357B /* SlowMo */;
			targetProxy = B68D2D2B2E4E289E0069357B /* PBXContainerItemProxy */;
		};
		B68D2D362E4E289E0069357B /* PBXTargetDependency */ = {
			isa = PBXTargetDependency;
			target = B68D2D132E4E289B0069357B /* SlowMo */;
			targetProxy = B68D2D352E4E289E0069357B /* PBXContainerItemProxy */;
		};
/* End PBXTargetDependency section */

/* Begin XCBuildConfiguration section */
		B68D2D3E2E4E289E0069357B /* Debug */ = {
			isa = XCBuildConfiguration;
			buildSettings = {
				ASSETCATALOG_COMPILER_APPICON_NAME = AppIcon;
				ASSETCATALOG_COMPILER_GLOBAL_ACCENT_COLOR_NAME = AccentColor;
				CODE_SIGN_STYLE = Automatic;
				CURRENT_PROJECT_VERSION = 1;
				DEVELOPMENT_TEAM = EWU35MGF9R;
				GENERATE_INFOPLIST_FILE = YES;
				INFOPLIST_FILE = SlowMo/Info.plist;
				INFOPLIST_KEY_UIApplicationSupportsIndirectInputEvents = YES;
				INFOPLIST_KEY_UILaunchStoryboardName = LaunchScreen;
				INFOPLIST_KEY_UIMainStoryboardFile = Main;
				INFOPLIST_KEY_UISupportedInterfaceOrientations_iPad = "UIInterfaceOrientationPortrait UIInterfaceOrientationPortraitUpsideDown UIInterfaceOrientationLandscapeLeft UIInterfaceOrientationLandscapeRight";
				INFOPLIST_KEY_UISupportedInterfaceOrientations_iPhone = "UIInterfaceOrientationPortrait UIInterfaceOrientationLandscapeLeft UIInterfaceOrientationLandscapeRight";
				LD_RUNPATH_SEARCH_PATHS = (
					"$(inherited)",
					"@executable_path/Frameworks",
				);
				MARKETING_VERSION = 1.0;
				PRODUCT_BUNDLE_IDENTIFIER = com.wf.SlowMo;
				PRODUCT_NAME = "$(TARGET_NAME)";
				SWIFT_EMIT_LOC_STRINGS = YES;
				SWIFT_VERSION = 5.0;
				TARGETED_DEVICE_FAMILY = "1,2";
			};
			name = Debug;
		};
		B68D2D3F2E4E289E0069357B /* Release */ = {
			isa = XCBuildConfiguration;
			buildSettings = {
				ASSETCATALOG_COMPILER_APPICON_NAME = AppIcon;
				ASSETCATALOG_COMPILER_GLOBAL_ACCENT_COLOR_NAME = AccentColor;
				CODE_SIGN_STYLE = Automatic;
				CURRENT_PROJECT_VERSION = 1;
				DEVELOPMENT_TEAM = EWU35MGF9R;
				GENERATE_INFOPLIST_FILE = YES;
				INFOPLIST_FILE = SlowMo/Info.plist;
				INFOPLIST_KEY_UIApplicationSupportsIndirectInputEvents = YES;
				INFOPLIST_KEY_UILaunchStoryboardName = LaunchScreen;
				INFOPLIST_KEY_UIMainStoryboardFile = Main;
				INFOPLIST_KEY_UISupportedInterfaceOrientations_iPad = "UIInterfaceOrientationPortrait UIInterfaceOrientationPortraitUpsideDown UIInterfaceOrientationLandscapeLeft UIInterfaceOrientationLandscapeRight";
				INFOPLIST_KEY_UISupportedInterfaceOrientations_iPhone = "UIInterfaceOrientationPortrait UIInterfaceOrientationLandscapeLeft UIInterfaceOrientationLandscapeRight";
				LD_RUNPATH_SEARCH_PATHS = (
					"$(inherited)",
					"@executable_path/Frameworks",
				);
				MARKETING_VERSION = 1.0;
				PRODUCT_BUNDLE_IDENTIFIER = com.wf.SlowMo;
				PRODUCT_NAME = "$(TARGET_NAME)";
				SWIFT_EMIT_LOC_STRINGS = YES;
				SWIFT_VERSION = 5.0;
				TARGETED_DEVICE_FAMILY = "1,2";
			};
			name = Release;
		};
		B68D2D402E4E289E0069357B /* Debug */ = {
			isa = XCBuildConfiguration;
			buildSettings = {
				ALWAYS_SEARCH_USER_PATHS = NO;
				ASSETCATALOG_COMPILER_GENERATE_SWIFT_ASSET_SYMBOL_EXTENSIONS = YES;
				CLANG_ANALYZER_NONNULL = YES;
				CLANG_ANALYZER_NUMBER_OBJECT_CONVERSION = YES_AGGRESSIVE;
				CLANG_CXX_LANGUAGE_STANDARD = "gnu++20";
				CLANG_ENABLE_MODULES = YES;
				CLANG_ENABLE_OBJC_ARC = YES;
				CLANG_ENABLE_OBJC_WEAK = YES;
				CLANG_WARN_BLOCK_CAPTURE_AUTORELEASING = YES;
				CLANG_WARN_BOOL_CONVERSION = YES;
				CLANG_WARN_COMMA = YES;
				CLANG_WARN_CONSTANT_CONVERSION = YES;
				CLANG_WARN_DEPRECATED_OBJC_IMPLEMENTATIONS = YES;
				CLANG_WARN_DIRECT_OBJC_ISA_USAGE = YES_ERROR;
				CLANG_WARN_DOCUMENTATION_COMMENTS = YES;
				CLANG_WARN_EMPTY_BODY = YES;
				CLANG_WARN_ENUM_CONVERSION = YES;
				CLANG_WARN_INFINITE_RECURSION = YES;
				CLANG_WARN_INT_CONVERSION = YES;
				CLANG_WARN_NON_LITERAL_NULL_CONVERSION = YES;
				CLANG_WARN_OBJC_IMPLICIT_RETAIN_SELF = YES;
				CLANG_WARN_OBJC_LITERAL_CONVERSION = YES;
				CLANG_WARN_OBJC_ROOT_CLASS = YES_ERROR;
				CLANG_WARN_QUOTED_INCLUDE_IN_FRAMEWORK_HEADER = YES;
				CLANG_WARN_RANGE_LOOP_ANALYSIS = YES;
				CLANG_WARN_STRICT_PROTOTYPES = YES;
				CLANG_WARN_SUSPICIOUS_MOVE = YES;
				CLANG_WARN_UNGUARDED_AVAILABILITY = YES_AGGRESSIVE;
				CLANG_WARN_UNREACHABLE_CODE = YES;
				CLANG_WARN__DUPLICATE_METHOD_MATCH = YES;
				COPY_PHASE_STRIP = NO;
				DEBUG_INFORMATION_FORMAT = dwarf;
				DEVELOPMENT_TEAM = EWU35MGF9R;
				ENABLE_STRICT_OBJC_MSGSEND = YES;
				ENABLE_TESTABILITY = YES;
				ENABLE_USER_SCRIPT_SANDBOXING = YES;
				GCC_C_LANGUAGE_STANDARD = gnu17;
				GCC_DYNAMIC_NO_PIC = NO;
				GCC_NO_COMMON_BLOCKS = YES;
				GCC_OPTIMIZATION_LEVEL = 0;
				GCC_PREPROCESSOR_DEFINITIONS = (
					"DEBUG=1",
					"$(inherited)",
				);
				GCC_WARN_64_TO_32_BIT_CONVERSION = YES;
				GCC_WARN_ABOUT_RETURN_TYPE = YES_ERROR;
				GCC_WARN_UNDECLARED_SELECTOR = YES;
				GCC_WARN_UNINITIALIZED_AUTOS = YES_AGGRESSIVE;
				GCC_WARN_UNUSED_FUNCTION = YES;
				GCC_WARN_UNUSED_VARIABLE = YES;
				IPHONEOS_DEPLOYMENT_TARGET = 18.5;
				LOCALIZATION_PREFERS_STRING_CATALOGS = YES;
				MTL_ENABLE_DEBUG_INFO = INCLUDE_SOURCE;
				MTL_FAST_MATH = YES;
				ONLY_ACTIVE_ARCH = YES;
				SDKROOT = iphoneos;
				SWIFT_ACTIVE_COMPILATION_CONDITIONS = "DEBUG $(inherited)";
				SWIFT_OPTIMIZATION_LEVEL = "-Onone";
			};
			name = Debug;
		};
		B68D2D412E4E289E0069357B /* Release */ = {
			isa = XCBuildConfiguration;
			buildSettings = {
				ALWAYS_SEARCH_USER_PATHS = NO;
				ASSETCATALOG_COMPILER_GENERATE_SWIFT_ASSET_SYMBOL_EXTENSIONS = YES;
				CLANG_ANALYZER_NONNULL = YES;
				CLANG_ANALYZER_NUMBER_OBJECT_CONVERSION = YES_AGGRESSIVE;
				CLANG_CXX_LANGUAGE_STANDARD = "gnu++20";
				CLANG_ENABLE_MODULES = YES;
				CLANG_ENABLE_OBJC_ARC = YES;
				CLANG_ENABLE_OBJC_WEAK = YES;
				CLANG_WARN_BLOCK_CAPTURE_AUTORELEASING = YES;
				CLANG_WARN_BOOL_CONVERSION = YES;
				CLANG_WARN_COMMA = YES;
				CLANG_WARN_CONSTANT_CONVERSION = YES;
				CLANG_WARN_DEPRECATED_OBJC_IMPLEMENTATIONS = YES;
				CLANG_WARN_DIRECT_OBJC_ISA_USAGE = YES_ERROR;
				CLANG_WARN_DOCUMENTATION_COMMENTS = YES;
				CLANG_WARN_EMPTY_BODY = YES;
				CLANG_WARN_ENUM_CONVERSION = YES;
				CLANG_WARN_INFINITE_RECURSION = YES;
				CLANG_WARN_INT_CONVERSION = YES;
				CLANG_WARN_NON_LITERAL_NULL_CONVERSION = YES;
				CLANG_WARN_OBJC_IMPLICIT_RETAIN_SELF = YES;
				CLANG_WARN_OBJC_LITERAL_CONVERSION = YES;
				CLANG_WARN_OBJC_ROOT_CLASS = YES_ERROR;
				CLANG_WARN_QUOTED_INCLUDE_IN_FRAMEWORK_HEADER = YES;
				CLANG_WARN_RANGE_LOOP_ANALYSIS = YES;
				CLANG_WARN_STRICT_PROTOTYPES = YES;
				CLANG_WARN_SUSPICIOUS_MOVE = YES;
				CLANG_WARN_UNGUARDED_AVAILABILITY = YES_AGGRESSIVE;
				CLANG_WARN_UNREACHABLE_CODE = YES;
				CLANG_WARN__DUPLICATE_METHOD_MATCH = YES;
				COPY_PHASE_STRIP = NO;
				DEBUG_INFORMATION_FORMAT = "dwarf-with-dsym";
				DEVELOPMENT_TEAM = EWU35MGF9R;
				ENABLE_NS_ASSERTIONS = NO;
				ENABLE_STRICT_OBJC_MSGSEND = YES;
				ENABLE_USER_SCRIPT_SANDBOXING = YES;
				GCC_C_LANGUAGE_STANDARD = gnu17;
				GCC_NO_COMMON_BLOCKS = YES;
				GCC_WARN_64_TO_32_BIT_CONVERSION = YES;
				GCC_WARN_ABOUT_RETURN_TYPE = YES_ERROR;
				GCC_WARN_UNDECLARED_SELECTOR = YES;
				GCC_WARN_UNINITIALIZED_AUTOS = YES_AGGRESSIVE;
				GCC_WARN_UNUSED_FUNCTION = YES;
				GCC_WARN_UNUSED_VARIABLE = YES;
				IPHONEOS_DEPLOYMENT_TARGET = 18.5;
				LOCALIZATION_PREFERS_STRING_CATALOGS = YES;
				MTL_ENABLE_DEBUG_INFO = NO;
				MTL_FAST_MATH = YES;
				SDKROOT = iphoneos;
				SWIFT_COMPILATION_MODE = wholemodule;
				VALIDATE_PRODUCT = YES;
			};
			name = Release;
		};
		B68D2D432E4E289E0069357B /* Debug */ = {
			isa = XCBuildConfiguration;
			buildSettings = {
				BUNDLE_LOADER = "$(TEST_HOST)";
				CODE_SIGN_STYLE = Automatic;
				CURRENT_PROJECT_VERSION = 1;
				DEVELOPMENT_TEAM = EWU35MGF9R;
				GENERATE_INFOPLIST_FILE = YES;
				IPHONEOS_DEPLOYMENT_TARGET = 18.5;
				MARKETING_VERSION = 1.0;
				PRODUCT_BUNDLE_IDENTIFIER = com.wf.SlowMoTests;
				PRODUCT_NAME = "$(TARGET_NAME)";
				SWIFT_EMIT_LOC_STRINGS = NO;
				SWIFT_VERSION = 5.0;
				TARGETED_DEVICE_FAMILY = "1,2";
				TEST_HOST = "$(BUILT_PRODUCTS_DIR)/SlowMo.app/$(BUNDLE_EXECUTABLE_FOLDER_PATH)/SlowMo";
			};
			name = Debug;
		};
		B68D2D442E4E289E0069357B /* Release */ = {
			isa = XCBuildConfiguration;
			buildSettings = {
				BUNDLE_LOADER = "$(TEST_HOST)";
				CODE_SIGN_STYLE = Automatic;
				CURRENT_PROJECT_VERSION = 1;
				DEVELOPMENT_TEAM = EWU35MGF9R;
				GENERATE_INFOPLIST_FILE = YES;
				IPHONEOS_DEPLOYMENT_TARGET = 18.5;
				MARKETING_VERSION = 1.0;
				PRODUCT_BUNDLE_IDENTIFIER = com.wf.SlowMoTests;
				PRODUCT_NAME = "$(TARGET_NAME)";
				SWIFT_EMIT_LOC_STRINGS = NO;
				SWIFT_VERSION = 5.0;
				TARGETED_DEVICE_FAMILY = "1,2";
				TEST_HOST = "$(BUILT_PRODUCTS_DIR)/SlowMo.app/$(BUNDLE_EXECUTABLE_FOLDER_PATH)/SlowMo";
			};
			name = Release;
		};
		B68D2D462E4E289E0069357B /* Debug */ = {
			isa = XCBuildConfiguration;
			buildSettings = {
				CODE_SIGN_STYLE = Automatic;
				CURRENT_PROJECT_VERSION = 1;
				DEVELOPMENT_TEAM = EWU35MGF9R;
				GENERATE_INFOPLIST_FILE = YES;
				MARKETING_VERSION = 1.0;
				PRODUCT_BUNDLE_IDENTIFIER = com.wf.SlowMoUITests;
				PRODUCT_NAME = "$(TARGET_NAME)";
				SWIFT_EMIT_LOC_STRINGS = NO;
				SWIFT_VERSION = 5.0;
				TARGETED_DEVICE_FAMILY = "1,2";
				TEST_TARGET_NAME = SlowMo;
			};
			name = Debug;
		};
		B68D2D472E4E289E0069357B /* Release */ = {
			isa = XCBuildConfiguration;
			buildSettings = {
				CODE_SIGN_STYLE = Automatic;
				CURRENT_PROJECT_VERSION = 1;
				DEVELOPMENT_TEAM = EWU35MGF9R;
				GENERATE_INFOPLIST_FILE = YES;
				MARKETING_VERSION = 1.0;
				PRODUCT_BUNDLE_IDENTIFIER = com.wf.SlowMoUITests;
				PRODUCT_NAME = "$(TARGET_NAME)";
				SWIFT_EMIT_LOC_STRINGS = NO;
				SWIFT_VERSION = 5.0;
				TARGETED_DEVICE_FAMILY = "1,2";
				TEST_TARGET_NAME = SlowMo;
			};
			name = Release;
		};
/* End XCBuildConfiguration section */

/* Begin XCConfigurationList section */
		B68D2D0F2E4E289B0069357B /* Build configuration list for PBXProject "SlowMo" */ = {
			isa = XCConfigurationList;
			buildConfigurations = (
				B68D2D402E4E289E0069357B /* Debug */,
				B68D2D412E4E289E0069357B /* Release */,
			);
			defaultConfigurationIsVisible = 0;
			defaultConfigurationName = Release;
		};
		B68D2D3D2E4E289E0069357B /* Build configuration list for PBXNativeTarget "SlowMo" */ = {
			isa = XCConfigurationList;
			buildConfigurations = (
				B68D2D3E2E4E289E0069357B /* Debug */,
				B68D2D3F2E4E289E0069357B /* Release */,
			);
			defaultConfigurationIsVisible = 0;
			defaultConfigurationName = Release;
		};
		B68D2D422E4E289E0069357B /* Build configuration list for PBXNativeTarget "SlowMoTests" */ = {
			isa = XCConfigurationList;
			buildConfigurations = (
				B68D2D432E4E289E0069357B /* Debug */,
				B68D2D442E4E289E0069357B /* Release */,
			);
			defaultConfigurationIsVisible = 0;
			defaultConfigurationName = Release;
		};
		B68D2D452E4E289E0069357B /* Build configuration list for PBXNativeTarget "SlowMoUITests" */ = {
			isa = XCConfigurationList;
			buildConfigurations = (
				B68D2D462E4E289E0069357B /* Debug */,
				B68D2D472E4E289E0069357B /* Release */,
			);
			defaultConfigurationIsVisible = 0;
			defaultConfigurationName = Release;
		};
/* End XCConfigurationList section */
	};
	rootObject = B68D2D0C2E4E289B0069357B /* Project object */;
}
